
Microsoft Visual Studio Solution File, Format Version 12.00
# Visual Studio Version 16
VisualStudioVersion = 16.0.29728.190
MinimumVisualStudioVersion = 10.0.40219.1
Project("{FAE04EC0-301F-11D3-BF4B-00C04F79EFBC}") = "Dotnetvue.Web", "Dotnetvue.Web\Dotnetvue.Web.csproj", "{9810DD65-A92B-4067-8083-6BE02647FE57}"
EndProject
Global
	GlobalSection(SolutionConfigurationPlatforms) = preSolution
		Debug|Any CPU = Debug|Any CPU
		Release|Any CPU = Release|Any CPU
	EndGlobalSection
	GlobalSection(ProjectConfigurationPlatforms) = postSolution
		{9810DD65-A92B-4067-8083-6BE02647FE57}.Debug|Any CPU.ActiveCfg = Debug|Any CPU
		{9810DD65-A92B-4067-8083-6BE02647FE57}.Debug|Any CPU.Build.0 = Debug|Any CPU
		{9810DD65-A92B-4067-8083-6BE02647FE57}.Release|Any CPU.ActiveCfg = Release|Any CPU
		{9810DD65-A92B-4067-8083-6BE02647FE57}.Release|Any CPU.Build.0 = Release|Any CPU
	EndGlobalSection
	GlobalSection(SolutionProperties) = preSolution
		HideSolutionNode = FALSE
	EndGlobalSection
	GlobalSection(ExtensibilityGlobals) = postSolution
		SolutionGuid = {22E6B006-2762-4A9C-89DB-0E6C228E61D9}
	EndGlobalSection
EndGlobal
